
Microsoft Visual Studio Solution File, Format Version 12.00
# Visual Studio Version 17
VisualStudioVersion = 17.5.33627.172
MinimumVisualStudioVersion = 10.0.40219.1
Project("{FAE04EC0-301F-11D3-BF4B-00C04F79EFBC}") = "ELibraryManagement", "ELibraryManagement\ELibraryManagement.csproj", "{EE5EB06D-3493-4F1B-92DE-A9889F8C81A7}"
EndProject
Global
	GlobalSection(SolutionConfigurationPlatforms) = preSolution
		Debug|Any CPU = Debug|Any CPU
		Release|Any CPU = Release|Any CPU
	EndGlobalSection
	GlobalSection(ProjectConfigurationPlatforms) = postSolution
		{EE5EB06D-3493-4F1B-92DE-A9889F8C81A7}.Debug|Any CPU.ActiveCfg = Debug|Any CPU
		{EE5EB06D-3493-4F1B-92DE-A9889F8C81A7}.Debug|Any CPU.Build.0 = Debug|Any CPU
		{EE5EB06D-3493-4F1B-92DE-A9889F8C81A7}.Release|Any CPU.ActiveCfg = Release|Any CPU
		{EE5EB06D-3493-4F1B-92DE-A9889F8C81A7}.Release|Any CPU.Build.0 = Release|Any CPU
	EndGlobalSection
	GlobalSection(SolutionProperties) = preSolution
		HideSolutionNode = FALSE
	EndGlobalSection
	GlobalSection(ExtensibilityGlobals) = postSolution
		SolutionGuid = {78BB4DB6-96B7-4693-8EDC-44D971C7F89D}
	EndGlobalSection
EndGlobal
